<?xml version="1.0" encoding="utf-8"?>
<Project ToolsVersion="4.0" xmlns="http://schemas.microsoft.com/developer/msbuild/2003">
  <ItemGroup>
    <ClCompile Include="Font.cpp">
      <Filter>FrameWork\GameUI</Filter>
    </ClCompile>
    <ClCompile Include="GCamera.cpp">
      <Filter>FrameWork\Camera</Filter>
    </ClCompile>
    <ClCompile Include="GSprite.cpp">
      <Filter>FrameWork\Graphics</Filter>
    </ClCompile>
    <ClCompile Include="GTexture.cpp">
      <Filter>FrameWork\Graphics</Filter>
    </ClCompile>
    <ClCompile Include="GAudio.cpp">
      <Filter>FrameWork\Sound</Filter>
    </ClCompile>
    <ClCompile Include="Game.cpp">
      <Filter>FrameWork\Game</Filter>
    </ClCompile>
    <ClCompile Include="Global.cpp" />
    <ClCompile Include="dsutil.cpp">
      <Filter>FrameWork\Sound</Filter>
    </ClCompile>
    <ClCompile Include="main.cpp" />
    <ClCompile Include="GameObject.cpp">
      <Filter>Objects</Filter>
    </ClCompile>
    <ClCompile Include="Brick.cpp">
      <Filter>Objects\StaticObjects</Filter>
    </ClCompile>
    <ClCompile Include="Candle.cpp">
      <Filter>Objects\StaticObjects</Filter>
    </ClCompile>
    <ClCompile Include="LargeCandle.cpp">
      <Filter>Objects\StaticObjects</Filter>
    </ClCompile>
    <ClCompile Include="Door.cpp">
      <Filter>Objects\StaticObjects</Filter>
    </ClCompile>
    <ClCompile Include="Stair.cpp">
      <Filter>Objects\StaticObjects</Filter>
    </ClCompile>
    <ClCompile Include="Barrier.cpp">
      <Filter>Objects\ActiveObjects</Filter>
    </ClCompile>
    <ClCompile Include="HitEffect.cpp">
      <Filter>Objects\StaticObjects</Filter>
    </ClCompile>
    <ClCompile Include="ActiveObject.cpp">
      <Filter>Objects\ActiveObjects</Filter>
    </ClCompile>
    <ClCompile Include="MovingPlatform.cpp">
      <Filter>Objects\ActiveObjects</Filter>
    </ClCompile>
    <ClCompile Include="Trap.cpp">
      <Filter>Objects\StaticObjects</Filter>
    </ClCompile>
    <ClCompile Include="RewardItem.cpp">
      <Filter>Objects\ActiveObjects</Filter>
    </ClCompile>
    <ClCompile Include="TextureManager.cpp">
      <Filter>FrameWork\Graphics</Filter>
    </ClCompile>
    <ClCompile Include="Fire.cpp">
      <Filter>Objects\ActiveObjects</Filter>
    </ClCompile>
    <ClCompile Include="Weapon.cpp">
      <Filter>Objects\ActiveObjects\Weapons</Filter>
    </ClCompile>
    <ClCompile Include="Boomerang.cpp">
      <Filter>Objects\ActiveObjects\Weapons\Sub_Weapons</Filter>
    </ClCompile>
    <ClCompile Include="Knife.cpp">
      <Filter>Objects\ActiveObjects\Weapons\Sub_Weapons</Filter>
    </ClCompile>
    <ClCompile Include="Ghost.cpp">
      <Filter>Objects\ActiveObjects\Enemies</Filter>
    </ClCompile>
    <ClCompile Include="Zombie.cpp">
      <Filter>Objects\ActiveObjects\Enemies</Filter>
    </ClCompile>
    <ClCompile Include="Bat.cpp">
      <Filter>Objects\ActiveObjects\Enemies</Filter>
    </ClCompile>
    <ClCompile Include="Panther.cpp">
      <Filter>Objects\ActiveObjects\Enemies</Filter>
    </ClCompile>
    <ClCompile Include="MedusaHead.cpp">
      <Filter>Objects\ActiveObjects\Enemies</Filter>
    </ClCompile>
    <ClCompile Include="Simon.cpp">
      <Filter>Objects\ActiveObjects\Simon</Filter>
    </ClCompile>
    <ClCompile Include="Scene.cpp">
      <Filter>FrameWork\Scene</Filter>
    </ClCompile>
    <ClCompile Include="State_1.cpp">
      <Filter>FrameWork\Scene</Filter>
    </ClCompile>
    <ClCompile Include="SceneControl.cpp">
      <Filter>FrameWork\Scene</Filter>
    </ClCompile>
    <ClCompile Include="SpearGuard.cpp">
      <Filter>Objects\ActiveObjects\Enemies</Filter>
    </ClCompile>
    <ClCompile Include="BonePillar.cpp">
      <Filter>Objects\ActiveObjects\Enemies</Filter>
    </ClCompile>
  </ItemGroup>
  <ItemGroup>
    <ClInclude Include="Font.h">
      <Filter>FrameWork\GameUI</Filter>
    </ClInclude>
    <ClInclude Include="GCamera.h">
      <Filter>FrameWork\Camera</Filter>
    </ClInclude>
    <ClInclude Include="GSprite.h">
      <Filter>FrameWork\Graphics</Filter>
    </ClInclude>
    <ClInclude Include="GTexture.h">
      <Filter>FrameWork\Graphics</Filter>
    </ClInclude>
    <ClInclude Include="GAudio.h">
      <Filter>FrameWork\Sound</Filter>
    </ClInclude>
    <ClInclude Include="Game.h">
      <Filter>FrameWork\Game</Filter>
    </ClInclude>
    <ClInclude Include="Global.h" />
    <ClInclude Include="dxutil.h">
      <Filter>FrameWork\Sound</Filter>
    </ClInclude>
    <ClInclude Include="dsutil.h">
      <Filter>FrameWork\Sound</Filter>
    </ClInclude>
    <ClInclude Include="GameObject.h">
      <Filter>Objects</Filter>
    </ClInclude>
    <ClInclude Include="EnumManager.h" />
    <ClInclude Include="SweptAABB.h" />
    <ClInclude Include="Brick.h">
      <Filter>Objects\StaticObjects</Filter>
    </ClInclude>
    <ClInclude Include="Candle.h">
      <Filter>Objects\StaticObjects</Filter>
    </ClInclude>
    <ClInclude Include="LargeCandle.h">
      <Filter>Objects\StaticObjects</Filter>
    </ClInclude>
    <ClInclude Include="Door.h">
      <Filter>Objects\StaticObjects</Filter>
    </ClInclude>
    <ClInclude Include="Stair.h">
      <Filter>Objects\StaticObjects</Filter>
    </ClInclude>
    <ClInclude Include="Barrier.h">
      <Filter>Objects\ActiveObjects</Filter>
    </ClInclude>
    <ClInclude Include="HitEffect.h">
      <Filter>Objects\StaticObjects</Filter>
    </ClInclude>
    <ClInclude Include="ActiveObject.h">
      <Filter>Objects\ActiveObjects</Filter>
    </ClInclude>
    <ClInclude Include="MovingPlatform.h">
      <Filter>Objects\ActiveObjects</Filter>
    </ClInclude>
    <ClInclude Include="Trap.h">
      <Filter>Objects\StaticObjects</Filter>
    </ClInclude>
    <ClInclude Include="RewardItem.h">
      <Filter>Objects\ActiveObjects</Filter>
    </ClInclude>
    <ClInclude Include="TextureManager.h">
      <Filter>FrameWork\Graphics</Filter>
    </ClInclude>
    <ClInclude Include="Fire.h">
      <Filter>Objects\ActiveObjects</Filter>
    </ClInclude>
    <ClInclude Include="Weapon.h">
      <Filter>Objects\ActiveObjects\Weapons</Filter>
    </ClInclude>
    <ClInclude Include="Boomerang.h">
      <Filter>Objects\ActiveObjects\Weapons\Sub_Weapons</Filter>
    </ClInclude>
    <ClInclude Include="Knife.h">
      <Filter>Objects\ActiveObjects\Weapons\Sub_Weapons</Filter>
    </ClInclude>
    <ClInclude Include="Ghost.h">
      <Filter>Objects\ActiveObjects\Enemies</Filter>
    </ClInclude>
    <ClInclude Include="Zombie.h">
      <Filter>Objects\ActiveObjects\Enemies</Filter>
    </ClInclude>
    <ClInclude Include="Bat.h">
      <Filter>Objects\ActiveObjects\Enemies</Filter>
    </ClInclude>
    <ClInclude Include="Panther.h">
      <Filter>Objects\ActiveObjects\Enemies</Filter>
    </ClInclude>
    <ClInclude Include="MedusaHead.h">
      <Filter>Objects\ActiveObjects\Enemies</Filter>
    </ClInclude>
    <ClInclude Include="Simon.h">
      <Filter>Objects\ActiveObjects\Simon</Filter>
    </ClInclude>
    <ClInclude Include="Scene.h">
      <Filter>FrameWork\Scene</Filter>
    </ClInclude>
    <ClInclude Include="State_1.h">
      <Filter>FrameWork\Scene</Filter>
    </ClInclude>
    <ClInclude Include="SceneControl.h">
      <Filter>FrameWork\Scene</Filter>
    </ClInclude>
    <ClInclude Include="SpearGuard.h">
      <Filter>Objects\ActiveObjects\Enemies</Filter>
    </ClInclude>
    <ClInclude Include="BonePillar.h">
      <Filter>Objects\ActiveObjects\Enemies</Filter>
    </ClInclude>
  </ItemGroup>
  <ItemGroup>
    <Filter Include="FrameWork">
      <UniqueIdentifier>{5f1e0f4d-cec7-496a-8fc9-ee512bcd3957}</UniqueIdentifier>
    </Filter>
    <Filter Include="FrameWork\Camera">
      <UniqueIdentifier>{83e13508-e66a-4361-856a-00741b9e70d1}</UniqueIdentifier>
    </Filter>
    <Filter Include="FrameWork\Sound">
      <UniqueIdentifier>{db9ab292-b057-480d-b3ba-8d315001df03}</UniqueIdentifier>
    </Filter>
    <Filter Include="FrameWork\Graphics">
      <UniqueIdentifier>{d9beba72-dc4b-417d-8716-34e4d866f132}</UniqueIdentifier>
    </Filter>
    <Filter Include="FrameWork\GameUI">
      <UniqueIdentifier>{3acd348d-21ba-4ef3-9b19-404f75125d60}</UniqueIdentifier>
    </Filter>
    <Filter Include="FrameWork\Game">
      <UniqueIdentifier>{e4691cc1-3452-4892-92a3-45f53c80ff6e}</UniqueIdentifier>
    </Filter>
    <Filter Include="Objects">
      <UniqueIdentifier>{d9a01e2f-eed8-41d9-a052-dbdf9bf3ab0f}</UniqueIdentifier>
    </Filter>
    <Filter Include="Objects\StaticObjects">
      <UniqueIdentifier>{6395d284-1097-4634-be05-691b9f98a12a}</UniqueIdentifier>
    </Filter>
    <Filter Include="Objects\ActiveObjects">
      <UniqueIdentifier>{10df57b0-f83b-4a51-922a-e20eda17135a}</UniqueIdentifier>
    </Filter>
    <Filter Include="Objects\ActiveObjects\Bosses">
      <UniqueIdentifier>{50377ff6-bfd3-4e7e-a5a7-55091420c738}</UniqueIdentifier>
    </Filter>
    <Filter Include="Objects\ActiveObjects\Enemies">
      <UniqueIdentifier>{9908f17e-a1ae-4797-adee-c2a8f53e8663}</UniqueIdentifier>
    </Filter>
    <Filter Include="Objects\ActiveObjects\Simon">
      <UniqueIdentifier>{05dd8b09-5493-440f-bad8-47496cc3dbb9}</UniqueIdentifier>
    </Filter>
    <Filter Include="Objects\ActiveObjects\Weapons">
      <UniqueIdentifier>{c8002b52-d72d-4c74-afc2-6936e675dbf8}</UniqueIdentifier>
    </Filter>
    <Filter Include="Objects\ActiveObjects\Weapons\Sub_Weapons">
      <UniqueIdentifier>{ef45f8da-ffea-4298-8c51-70929a831e3e}</UniqueIdentifier>
    </Filter>
    <Filter Include="FrameWork\Scene">
      <UniqueIdentifier>{6a4a1134-f688-4b73-8110-27590cf46d94}</UniqueIdentifier>
    </Filter>
  </ItemGroup>
</Project>